
Microsoft Visual Studio Solution File, Format Version 12.00
# Visual Studio Version 17
VisualStudioVersion = 17.0.32014.148
MinimumVisualStudioVersion = 10.0.40219.1
Project("{FAE04EC0-301F-11D3-BF4B-00C04F79EFBC}") = "Febo", "Febo\Febo.csproj", "{745186D1-4B9D-419A-91EB-71D5C6B4CC73}"
EndProject
Global
	GlobalSection(SolutionConfigurationPlatforms) = preSolution
		Debug|Any CPU = Debug|Any CPU
		Release|Any CPU = Release|Any CPU
	EndGlobalSection
	GlobalSection(ProjectConfigurationPlatforms) = postSolution
		{745186D1-4B9D-419A-91EB-71D5C6B4CC73}.Debug|Any CPU.ActiveCfg = Debug|Any CPU
		{745186D1-4B9D-419A-91EB-71D5C6B4CC73}.Debug|Any CPU.Build.0 = Debug|Any CPU
		{745186D1-4B9D-419A-91EB-71D5C6B4CC73}.Release|Any CPU.ActiveCfg = Release|Any CPU
		{745186D1-4B9D-419A-91EB-71D5C6B4CC73}.Release|Any CPU.Build.0 = Release|Any CPU
	EndGlobalSection
	GlobalSection(SolutionProperties) = preSolution
		HideSolutionNode = FALSE
	EndGlobalSection
	GlobalSection(ExtensibilityGlobals) = postSolution
		SolutionGuid = {DC4E364F-52DB-4496-98C2-419F81B7C852}
	EndGlobalSection
EndGlobal
